
Microsoft Visual Studio Solution File, Format Version 12.00
# Visual Studio Version 16
VisualStudioVersion = 16.0.30804.86
MinimumVisualStudioVersion = 10.0.40219.1
Project("{FAE04EC0-301F-11D3-BF4B-00C04F79EFBC}") = "WeatherVersion1.0", "WheatherVersion1.0\WeatherVersion1.0.csproj", "{3F14AEF4-F741-4E99-9D8D-3FA2331E87F9}"
EndProject
Project("{FAE04EC0-301F-11D3-BF4B-00C04F79EFBC}") = "WeatherDataLibrary", "WeatherDataLibrary\WeatherDataLibrary.csproj", "{2984CCA0-0317-4908-8496-8822F1BB251C}"
EndProject
Global
	GlobalSection(SolutionConfigurationPlatforms) = preSolution
		Debug|Any CPU = Debug|Any CPU
		Release|Any CPU = Release|Any CPU
	EndGlobalSection
	GlobalSection(ProjectConfigurationPlatforms) = postSolution
		{3F14AEF4-F741-4E99-9D8D-3FA2331E87F9}.Debug|Any CPU.ActiveCfg = Debug|Any CPU
		{3F14AEF4-F741-4E99-9D8D-3FA2331E87F9}.Debug|Any CPU.Build.0 = Debug|Any CPU
		{3F14AEF4-F741-4E99-9D8D-3FA2331E87F9}.Release|Any CPU.ActiveCfg = Release|Any CPU
		{3F14AEF4-F741-4E99-9D8D-3FA2331E87F9}.Release|Any CPU.Build.0 = Release|Any CPU
		{2984CCA0-0317-4908-8496-8822F1BB251C}.Debug|Any CPU.ActiveCfg = Debug|Any CPU
		{2984CCA0-0317-4908-8496-8822F1BB251C}.Debug|Any CPU.Build.0 = Debug|Any CPU
		{2984CCA0-0317-4908-8496-8822F1BB251C}.Release|Any CPU.ActiveCfg = Release|Any CPU
		{2984CCA0-0317-4908-8496-8822F1BB251C}.Release|Any CPU.Build.0 = Release|Any CPU
	EndGlobalSection
	GlobalSection(SolutionProperties) = preSolution
		HideSolutionNode = FALSE
	EndGlobalSection
	GlobalSection(ExtensibilityGlobals) = postSolution
		SolutionGuid = {441FB0E8-86D2-41EE-9A00-FD5F30DA544D}
	EndGlobalSection
EndGlobal
